github.com/dhirajkashyap/Dog v0.0.0-20230921152450-10d127b69f64 h1:IPT3LXTGNycu4AXviMHG/kFeYR5gTirxVKfAjfSaybw=
github.com/dhirajkashyap/Dog v0.0.0-20230921152450-10d127b69f64/go.mod h1:MwH5Gl2Tv7vFVc7Who+Ewo06j+qC5gA1ApfBW4boraQ=
github.com/dhirajkashyap/Dog v0.0.0-20230926152752-8484abf3678c h1:NogXk3sktZIF42DkC+f5l4c4O2DElIQlDMDkUq2FvAY=
github.com/dhirajkashyap/Dog v0.0.0-20230926152752-8484abf3678c/go.mod h1:MwH5Gl2Tv7vFVc7Who+Ewo06j+qC5gA1ApfBW4boraQ=
github.com/dhirajkashyap/Dog v0.0.0-20230927151248-260cc8979297 h1:CX/bwAVfs+ynQLtq2RIH0E7kdEZ1jZ7xV04z/PEpvzo=
github.com/dhirajkashyap/Dog v0.0.0-20230927151248-260cc8979297/go.mod h1:MwH5Gl2Tv7vFVc7Who+Ewo06j+qC5gA1ApfBW4boraQ=
github.com/dhirajkashyap/Dog v0.0.0-20230927151651-66d984cb3eab h1:cDAB6u7dyjyA8l/NTcnZSX+/FUSt1btU9ge/Rlj3od4=
github.com/dhirajkashyap/Dog v0.0.0-20230927151651-66d984cb3eab/go.mod h1:MwH5Gl2Tv7vFVc7Who+Ewo06j+qC5gA1ApfBW4boraQ=
github.com/dhirajkashyap/Dog v0.0.0-20230927152646-81552ace0ab2 h1:LNlbNSYScc1eDLs7VEeTkfvJH5y88LcBmiBKv/7UTck=
github.com/dhirajkashyap/Dog v0.0.0-20230927152646-81552ace0ab2/go.mod h1:MwH5Gl2Tv7vFVc7Who+Ewo06j+qC5gA1ApfBW4boraQ=
github.com/dhirajkashyap/Dog v0.0.0-20230927152926-3b3f431c2bc4 h1:M7Z0I50J8JhP8WOGSllE41wHp4xKG1Nz9e3Uti7gCNI=
github.com/dhirajkashyap/Dog v0.0.0-20230927152926-3b3f431c2bc4/go.mod h1:MwH5Gl2Tv7vFVc7Who+Ewo06j+qC5gA1ApfBW4boraQ=
github.com/dhirajkashyap/Puppy v0.0.0-20230921152922-9505057d7724 h1:Ecd/hBpWsywPrJ4/gdRxB30fMBywThW1FLpnl5X8n6M=
github.com/dhirajkashyap/Puppy v0.0.0-20230921152922-9505057d7724/go.mod h1:tuXMwEkzvdGvdPZsQFgWoujL49e94H6V2hEPAb0S1WM=
github.com/dhirajkashyap/Puppy v0.0.0-20230926153136-460239f1c838 h1:xzT89048/0sjstQelHMX9SC+PHbOe2yilpUUZLt3NxA=
github.com/dhirajkashyap/Puppy v0.0.0-20230926153136-460239f1c838/go.mod h1:MWlDicu5gOJQeR1a/m+MTcMK2tbr7um5h7tXWwXNqbI=
github.com/dhirajkashyap/Puppy v0.0.0-20230927151447-ac98b2a53652 h1:Y61HJk6cai1YgGPt/uHrvL8xDqzjkb8mmIDXWapl/i8=
github.com/dhirajkashyap/Puppy v0.0.0-20230927151447-ac98b2a53652/go.mod h1:IdBM3bfwp3s44WOooDCeOA3dy3BFNs0eYU65MTjdQLs=
github.com/dhirajkashyap/Puppy v0.0.0-20230927152255-8ee480755a32 h1:mnzEvwm1Rp3tc8Z6ieGQBNJ8KQF7pcHdSy73A5YcGjA=
github.com/dhirajkashyap/Puppy v0.0.0-20230927152255-8ee480755a32/go.mod h1:zleT570gNbeQ4ijJdPAPQLxS4M5yay6vvE42o97xcI8=
github.com/dhirajkashyap/Puppy v0.0.0-20230927152756-32a3e8b71dbc h1:Azzkah8uz+YIwiUKjtKK1bwCHSEUr2/MZYJeDdDZKM8=
github.com/dhirajkashyap/Puppy v0.0.0-20230927152756-32a3e8b71dbc/go.mod h1:FBuGRcLzGK2eerzNESJRJnrRTdhKfVRMfA6CCEd3Xlw=
github.com/dhirajkashyap/Puppy v0.0.0-20230927153007-7e8bf6da4bfd h1:wUnr+D8/B0vbDWUFO/biRyi2BQEq351daJnSFhOvcrA=
github.com/dhirajkashyap/Puppy v0.0.0-20230927153007-7e8bf6da4bfd/go.mod h1:s5M2QBBtaxfeoupErhuAHeMcAuT9conT51Hwpq0yx8Q=
github.com/dhirajkashyap/Puppy v0.0.0-20230927153537-4c60a47175bf h1:ZCgBVeMyW4wK+wNHtXfwNdKewAS82jOS9I9KmQHYA5c=
github.com/dhirajkashyap/Puppy v0.0.0-20230927153537-4c60a47175bf/go.mod h1:s5M2QBBtaxfeoupErhuAHeMcAuT9conT51Hwpq0yx8Q=
github.com/dhirajkashyap/Puppy v0.0.0-20230927153806-5835bb3ca6de h1:lbgknm9tGQkm6yoEd5sp2Pb1/yyoYLc2wTxbZ4CqkWg=
github.com/dhirajkashyap/Puppy v0.0.0-20230927153806-5835bb3ca6de/go.mod h1:s5M2QBBtaxfeoupErhuAHeMcAuT9conT51Hwpq0yx8Q=
github.com/dhirajkashyap/Puppy v0.0.0-20230927154140-2f79c963e6d8 h1:Phcjbjvy/m+dsw8Ce63sY6rTHkYcGDftktPmH1NMz30=
github.com/dhirajkashyap/Puppy v0.0.0-20230927154140-2f79c963e6d8/go.mod h1:s5M2QBBtaxfeoupErhuAHeMcAuT9conT51Hwpq0yx8Q=
