github.com/dhirajkashyap/Dog v0.0.0-20230927152926-3b3f431c2bc4 h1:M7Z0I50J8JhP8WOGSllE41wHp4xKG1Nz9e3Uti7gCNI=
github.com/dhirajkashyap/Dog v0.0.0-20230927152926-3b3f431c2bc4/go.mod h1:MwH5Gl2Tv7vFVc7Who+Ewo06j+qC5gA1ApfBW4boraQ=
github.com/dhirajkashyap/Puppy v0.0.0-20230927154140-2f79c963e6d8 h1:Phcjbjvy/m+dsw8Ce63sY6rTHkYcGDftktPmH1NMz30=
github.com/dhirajkashyap/Puppy v0.0.0-20230927154140-2f79c963e6d8/go.mod h1:s5M2QBBtaxfeoupErhuAHeMcAuT9conT51Hwpq0yx8Q=
